
Microsoft Visual Studio Solution File, Format Version 12.00
# Visual Studio Version 17
VisualStudioVersion = 17.10.35013.160
MinimumVisualStudioVersion = 10.0.40219.1
Project("{FAE04EC0-301F-11D3-BF4B-00C04F79EFBC}") = "StoreApiTest_15_8_24", "StoreApiTest_15_8_24\StoreApiTest_15_8_24.csproj", "{820F7D67-A646-458C-84BA-E05926B527D2}"
EndProject
Global
	GlobalSection(SolutionConfigurationPlatforms) = preSolution
		Debug|Any CPU = Debug|Any CPU
		Release|Any CPU = Release|Any CPU
	EndGlobalSection
	GlobalSection(ProjectConfigurationPlatforms) = postSolution
		{820F7D67-A646-458C-84BA-E05926B527D2}.Debug|Any CPU.ActiveCfg = Debug|Any CPU
		{820F7D67-A646-458C-84BA-E05926B527D2}.Debug|Any CPU.Build.0 = Debug|Any CPU
		{820F7D67-A646-458C-84BA-E05926B527D2}.Release|Any CPU.ActiveCfg = Release|Any CPU
		{820F7D67-A646-458C-84BA-E05926B527D2}.Release|Any CPU.Build.0 = Release|Any CPU
	EndGlobalSection
	GlobalSection(SolutionProperties) = preSolution
		HideSolutionNode = FALSE
	EndGlobalSection
	GlobalSection(ExtensibilityGlobals) = postSolution
		SolutionGuid = {27A8CF94-087A-47DF-9FF3-442DFAFB4943}
	EndGlobalSection
EndGlobal
